
Microsoft Visual Studio Solution File, Format Version 12.00
# Visual Studio Version 17
VisualStudioVersion = 17.0.31521.260
MinimumVisualStudioVersion = 10.0.40219.1
Project("{9A19103F-16F7-4668-BE54-9A1E7A4F7556}") = "QuizPlatformAPI", "QuizPlatformAPI\QuizPlatformAPI.csproj", "{B69A8FC1-367C-4DEE-9501-41BD265EE5D9}"
EndProject
Project("{9A19103F-16F7-4668-BE54-9A1E7A4F7556}") = "ConsoleAppIS4", "ConsoleAppIS4\ConsoleAppIS4.csproj", "{8530F0AB-56A8-48A4-ACAE-E1BEAA1C9F43}"
EndProject
Global
	GlobalSection(SolutionConfigurationPlatforms) = preSolution
		Debug|Any CPU = Debug|Any CPU
		Release|Any CPU = Release|Any CPU
	EndGlobalSection
	GlobalSection(ProjectConfigurationPlatforms) = postSolution
		{B69A8FC1-367C-4DEE-9501-41BD265EE5D9}.Debug|Any CPU.ActiveCfg = Debug|Any CPU
		{B69A8FC1-367C-4DEE-9501-41BD265EE5D9}.Debug|Any CPU.Build.0 = Debug|Any CPU
		{B69A8FC1-367C-4DEE-9501-41BD265EE5D9}.Release|Any CPU.ActiveCfg = Release|Any CPU
		{B69A8FC1-367C-4DEE-9501-41BD265EE5D9}.Release|Any CPU.Build.0 = Release|Any CPU
		{8530F0AB-56A8-48A4-ACAE-E1BEAA1C9F43}.Debug|Any CPU.ActiveCfg = Debug|Any CPU
		{8530F0AB-56A8-48A4-ACAE-E1BEAA1C9F43}.Debug|Any CPU.Build.0 = Debug|Any CPU
		{8530F0AB-56A8-48A4-ACAE-E1BEAA1C9F43}.Release|Any CPU.ActiveCfg = Release|Any CPU
		{8530F0AB-56A8-48A4-ACAE-E1BEAA1C9F43}.Release|Any CPU.Build.0 = Release|Any CPU
	EndGlobalSection
	GlobalSection(SolutionProperties) = preSolution
		HideSolutionNode = FALSE
	EndGlobalSection
	GlobalSection(ExtensibilityGlobals) = postSolution
		SolutionGuid = {ADD6D9B0-25D3-4B6B-9827-893AE5C44E5E}
	EndGlobalSection
EndGlobal
