
Microsoft Visual Studio Solution File, Format Version 12.00
# Visual Studio Version 17
VisualStudioVersion = 17.0.31521.260
MinimumVisualStudioVersion = 10.0.40219.1
Project("{9A19103F-16F7-4668-BE54-9A1E7A4F7556}") = "QuizPlatformIS4", "QuizPlatformIS4.csproj", "{7FF835E4-714F-47CB-BDB6-CB54A9EFEB94}"
EndProject
Global
	GlobalSection(SolutionConfigurationPlatforms) = preSolution
		Debug|Any CPU = Debug|Any CPU
		Release|Any CPU = Release|Any CPU
	EndGlobalSection
	GlobalSection(ProjectConfigurationPlatforms) = postSolution
		{7FF835E4-714F-47CB-BDB6-CB54A9EFEB94}.Debug|Any CPU.ActiveCfg = Debug|Any CPU
		{7FF835E4-714F-47CB-BDB6-CB54A9EFEB94}.Debug|Any CPU.Build.0 = Debug|Any CPU
		{7FF835E4-714F-47CB-BDB6-CB54A9EFEB94}.Release|Any CPU.ActiveCfg = Release|Any CPU
		{7FF835E4-714F-47CB-BDB6-CB54A9EFEB94}.Release|Any CPU.Build.0 = Release|Any CPU
	EndGlobalSection
	GlobalSection(SolutionProperties) = preSolution
		HideSolutionNode = FALSE
	EndGlobalSection
	GlobalSection(ExtensibilityGlobals) = postSolution
		SolutionGuid = {03DA38A5-C4E5-4FC0-999D-B92C7C01AFB0}
	EndGlobalSection
EndGlobal
